// !$*UTF8*$!
{
	archiveVersion = 1;
	classes = {
	};
	objectVersion = 50;
	objects = {

/* Begin PBXBuildFile section */
		1F002965220CD884002BE5A3 /* AppDelegate.swift in Sources */ = {isa = PBXBuildFile; fileRef = 1F002964220CD884002BE5A3 /* AppDelegate.swift */; };
		1F00296A220CD884002BE5A3 /* Main.storyboard in Resources */ = {isa = PBXBuildFile; fileRef = 1F002968220CD884002BE5A3 /* Main.storyboard */; };
		1F00296C220CD885002BE5A3 /* Assets.xcassets in Resources */ = {isa = PBXBuildFile; fileRef = 1F00296B220CD885002BE5A3 /* Assets.xcassets */; };
		1F00296F220CD885002BE5A3 /* LaunchScreen.storyboard in Resources */ = {isa = PBXBuildFile; fileRef = 1F00296D220CD885002BE5A3 /* LaunchScreen.storyboard */; };
		1F0ACD622225D1EF00282C97 /* AdminActiveCausesCollectionViewCell.swift in Sources */ = {isa = PBXBuildFile; fileRef = 1F0ACD612225D1EF00282C97 /* AdminActiveCausesCollectionViewCell.swift */; };
		1F39D70E221223D80089F641 /* UserLoginViewController.swift in Sources */ = {isa = PBXBuildFile; fileRef = 1F39D70D221223D80089F641 /* UserLoginViewController.swift */; };
		1F39D710221224040089F641 /* AdminLoginViewController.swift in Sources */ = {isa = PBXBuildFile; fileRef = 1F39D70F221224040089F641 /* AdminLoginViewController.swift */; };
		1F39D71E221226330089F641 /* AdminMetricsViewController.swift in Sources */ = {isa = PBXBuildFile; fileRef = 1F39D71D221226330089F641 /* AdminMetricsViewController.swift */; };
		1F39D74E221614D40089F641 /* UserDonationsViewController.swift in Sources */ = {isa = PBXBuildFile; fileRef = 1F39D74D221614D40089F641 /* UserDonationsViewController.swift */; };
		1F39D750221614EC0089F641 /* UserCausesViewController.swift in Sources */ = {isa = PBXBuildFile; fileRef = 1F39D74F221614EC0089F641 /* UserCausesViewController.swift */; };
		1F39D752221615640089F641 /* AdminActiveCausesViewController.swift in Sources */ = {isa = PBXBuildFile; fileRef = 1F39D751221615640089F641 /* AdminActiveCausesViewController.swift */; };
		1F39D754221615850089F641 /* AdminCreateCauseViewController.swift in Sources */ = {isa = PBXBuildFile; fileRef = 1F39D753221615850089F641 /* AdminCreateCauseViewController.swift */; };
		1F39D758221616000089F641 /* AdminActiveCausesDetailViewController.swift in Sources */ = {isa = PBXBuildFile; fileRef = 1F39D757221616000089F641 /* AdminActiveCausesDetailViewController.swift */; };
		1F39D75A221619410089F641 /* UserCausesDetailViewController.swift in Sources */ = {isa = PBXBuildFile; fileRef = 1F39D759221619410089F641 /* UserCausesDetailViewController.swift */; };
		1F39D75C221619650089F641 /* UserDonationsDetailViewController.swift in Sources */ = {isa = PBXBuildFile; fileRef = 1F39D75B221619650089F641 /* UserDonationsDetailViewController.swift */; };
		1FDA8F1622270690009FEF9A /* UserCausesCollectionViewCell.swift in Sources */ = {isa = PBXBuildFile; fileRef = 1FDA8F1522270690009FEF9A /* UserCausesCollectionViewCell.swift */; };
		1FDA8F18222998AF009FEF9A /* UpdateModel.swift in Sources */ = {isa = PBXBuildFile; fileRef = 1FDA8F17222998AF009FEF9A /* UpdateModel.swift */; };
		1FDA8F1A222D7368009FEF9A /* DonateModel.swift in Sources */ = {isa = PBXBuildFile; fileRef = 1FDA8F19222D7368009FEF9A /* DonateModel.swift */; };
		1FDA8F1C222D74B3009FEF9A /* DonationsCollectionViewCell.swift in Sources */ = {isa = PBXBuildFile; fileRef = 1FDA8F1B222D74B3009FEF9A /* DonationsCollectionViewCell.swift */; };
		1FDA8F1E222DAE43009FEF9A /* AdminTableViewDetailViewController.swift in Sources */ = {isa = PBXBuildFile; fileRef = 1FDA8F1D222DAE43009FEF9A /* AdminTableViewDetailViewController.swift */; };
		1FDA8F20222DC15A009FEF9A /* UserDonatedViewController.swift in Sources */ = {isa = PBXBuildFile; fileRef = 1FDA8F1F222DC15A009FEF9A /* UserDonatedViewController.swift */; };
		1FED610022248337000492B9 /* Create.swift in Sources */ = {isa = PBXBuildFile; fileRef = 1FED60FF22248337000492B9 /* Create.swift */; };
		1FED610322248574000492B9 /* DataPersistenceManager.swift in Sources */ = {isa = PBXBuildFile; fileRef = 1FED610222248574000492B9 /* DataPersistenceManager.swift */; };
		1FED6105222486EC000492B9 /* DataPersistenceModel.swift in Sources */ = {isa = PBXBuildFile; fileRef = 1FED6104222486EC000492B9 /* DataPersistenceModel.swift */; };
		1FED610822248FCF000492B9 /* Date + Extensions.swift in Sources */ = {isa = PBXBuildFile; fileRef = 1FED610722248FCF000492B9 /* Date + Extensions.swift */; };
		1FED610A22248FF7000492B9 /* String + DateExtensions.swift in Sources */ = {isa = PBXBuildFile; fileRef = 1FED610922248FF7000492B9 /* String + DateExtensions.swift */; };
/* End PBXBuildFile section */

/* Begin PBXFileReference section */
		1F002961220CD884002BE5A3 /* Traccs.app */ = {isa = PBXFileReference; explicitFileType = wrapper.application; includeInIndex = 0; path = Traccs.app; sourceTree = BUILT_PRODUCTS_DIR; };
		1F002964220CD884002BE5A3 /* AppDelegate.swift */ = {isa = PBXFileReference; lastKnownFileType = sourcecode.swift; path = AppDelegate.swift; sourceTree = "<group>"; };
		1F002969220CD884002BE5A3 /* Base */ = {isa = PBXFileReference; lastKnownFileType = file.storyboard; name = Base; path = Base.lproj/Main.storyboard; sourceTree = "<group>"; };
		1F00296B220CD885002BE5A3 /* Assets.xcassets */ = {isa = PBXFileReference; lastKnownFileType = folder.assetcatalog; path = Assets.xcassets; sourceTree = "<group>"; };
		1F00296E220CD885002BE5A3 /* Base */ = {isa = PBXFileReference; lastKnownFileType = file.storyboard; name = Base; path = Base.lproj/LaunchScreen.storyboard; sourceTree = "<group>"; };
		1F002970220CD885002BE5A3 /* Info.plist */ = {isa = PBXFileReference; lastKnownFileType = text.plist.xml; path = Info.plist; sourceTree = "<group>"; };
		1F0ACD612225D1EF00282C97 /* AdminActiveCausesCollectionViewCell.swift */ = {isa = PBXFileReference; lastKnownFileType = sourcecode.swift; path = AdminActiveCausesCollectionViewCell.swift; sourceTree = "<group>"; };
		1F39D70D221223D80089F641 /* UserLoginViewController.swift */ = {isa = PBXFileReference; lastKnownFileType = sourcecode.swift; path = UserLoginViewController.swift; sourceTree = "<group>"; };
		1F39D70F221224040089F641 /* AdminLoginViewController.swift */ = {isa = PBXFileReference; lastKnownFileType = sourcecode.swift; path = AdminLoginViewController.swift; sourceTree = "<group>"; };
		1F39D71D221226330089F641 /* AdminMetricsViewController.swift */ = {isa = PBXFileReference; lastKnownFileType = sourcecode.swift; path = AdminMetricsViewController.swift; sourceTree = "<group>"; };
		1F39D74D221614D40089F641 /* UserDonationsViewController.swift */ = {isa = PBXFileReference; lastKnownFileType = sourcecode.swift; path = UserDonationsViewController.swift; sourceTree = "<group>"; };
		1F39D74F221614EC0089F641 /* UserCausesViewController.swift */ = {isa = PBXFileReference; lastKnownFileType = sourcecode.swift; path = UserCausesViewController.swift; sourceTree = "<group>"; };
		1F39D751221615640089F641 /* AdminActiveCausesViewController.swift */ = {isa = PBXFileReference; lastKnownFileType = sourcecode.swift; path = AdminActiveCausesViewController.swift; sourceTree = "<group>"; };
		1F39D753221615850089F641 /* AdminCreateCauseViewController.swift */ = {isa = PBXFileReference; lastKnownFileType = sourcecode.swift; path = AdminCreateCauseViewController.swift; sourceTree = "<group>"; };
		1F39D757221616000089F641 /* AdminActiveCausesDetailViewController.swift */ = {isa = PBXFileReference; lastKnownFileType = sourcecode.swift; path = AdminActiveCausesDetailViewController.swift; sourceTree = "<group>"; };
		1F39D759221619410089F641 /* UserCausesDetailViewController.swift */ = {isa = PBXFileReference; lastKnownFileType = sourcecode.swift; path = UserCausesDetailViewController.swift; sourceTree = "<group>"; };
		1F39D75B221619650089F641 /* UserDonationsDetailViewController.swift */ = {isa = PBXFileReference; lastKnownFileType = sourcecode.swift; path = UserDonationsDetailViewController.swift; sourceTree = "<group>"; };
		1FDA8F1522270690009FEF9A /* UserCausesCollectionViewCell.swift */ = {isa = PBXFileReference; lastKnownFileType = sourcecode.swift; path = UserCausesCollectionViewCell.swift; sourceTree = "<group>"; };
		1FDA8F17222998AF009FEF9A /* UpdateModel.swift */ = {isa = PBXFileReference; lastKnownFileType = sourcecode.swift; path = UpdateModel.swift; sourceTree = "<group>"; };
		1FDA8F19222D7368009FEF9A /* DonateModel.swift */ = {isa = PBXFileReference; lastKnownFileType = sourcecode.swift; path = DonateModel.swift; sourceTree = "<group>"; };
		1FDA8F1B222D74B3009FEF9A /* DonationsCollectionViewCell.swift */ = {isa = PBXFileReference; lastKnownFileType = sourcecode.swift; path = DonationsCollectionViewCell.swift; sourceTree = "<group>"; };
		1FDA8F1D222DAE43009FEF9A /* AdminTableViewDetailViewController.swift */ = {isa = PBXFileReference; lastKnownFileType = sourcecode.swift; path = AdminTableViewDetailViewController.swift; sourceTree = "<group>"; };
		1FDA8F1F222DC15A009FEF9A /* UserDonatedViewController.swift */ = {isa = PBXFileReference; lastKnownFileType = sourcecode.swift; path = UserDonatedViewController.swift; sourceTree = "<group>"; };
		1FED60FF22248337000492B9 /* Create.swift */ = {isa = PBXFileReference; lastKnownFileType = sourcecode.swift; path = Create.swift; sourceTree = "<group>"; };
		1FED610222248574000492B9 /* DataPersistenceManager.swift */ = {isa = PBXFileReference; lastKnownFileType = sourcecode.swift; path = DataPersistenceManager.swift; sourceTree = "<group>"; };
		1FED6104222486EC000492B9 /* DataPersistenceModel.swift */ = {isa = PBXFileReference; lastKnownFileType = sourcecode.swift; path = DataPersistenceModel.swift; sourceTree = "<group>"; };
		1FED610722248FCF000492B9 /* Date + Extensions.swift */ = {isa = PBXFileReference; lastKnownFileType = sourcecode.swift; path = "Date + Extensions.swift"; sourceTree = "<group>"; };
		1FED610922248FF7000492B9 /* String + DateExtensions.swift */ = {isa = PBXFileReference; lastKnownFileType = sourcecode.swift; path = "String + DateExtensions.swift"; sourceTree = "<group>"; };
/* End PBXFileReference section */

/* Begin PBXFrameworksBuildPhase section */
		1F00295E220CD884002BE5A3 /* Frameworks */ = {
			isa = PBXFrameworksBuildPhase;
			buildActionMask = 2147483647;
			files = (
			);
			runOnlyForDeploymentPostprocessing = 0;
		};
/* End PBXFrameworksBuildPhase section */

/* Begin PBXGroup section */
		1F002958220CD884002BE5A3 = {
			isa = PBXGroup;
			children = (
				1F002963220CD884002BE5A3 /* Traccs */,
				1F002962220CD884002BE5A3 /* Products */,
			);
			sourceTree = "<group>";
		};
		1F002962220CD884002BE5A3 /* Products */ = {
			isa = PBXGroup;
			children = (
				1F002961220CD884002BE5A3 /* Traccs.app */,
			);
			name = Products;
			sourceTree = "<group>";
		};
		1F002963220CD884002BE5A3 /* Traccs */ = {
			isa = PBXGroup;
			children = (
				1F002968220CD884002BE5A3 /* Main.storyboard */,
				1FED610B2224909A000492B9 /* File Managers and Date Files */,
				1FED61062224884F000492B9 /* Supporting Files */,
				1FED6101222484FF000492B9 /* Model */,
				1F39D711221224850089F641 /* Controllers */,
				1F002970220CD885002BE5A3 /* Info.plist */,
			);
			path = Traccs;
			sourceTree = "<group>";
		};
		1F39D711221224850089F641 /* Controllers */ = {
			isa = PBXGroup;
			children = (
				1F0ACD612225D1EF00282C97 /* AdminActiveCausesCollectionViewCell.swift */,
				1FDA8F1522270690009FEF9A /* UserCausesCollectionViewCell.swift */,
				1FDA8F1B222D74B3009FEF9A /* DonationsCollectionViewCell.swift */,
				1F39D71F221228110089F641 /* Admin */,
				1F39D71A221225BB0089F641 /* User */,
			);
			path = Controllers;
			sourceTree = "<group>";
		};
		1F39D71A221225BB0089F641 /* User */ = {
			isa = PBXGroup;
			children = (
				1F39D70D221223D80089F641 /* UserLoginViewController.swift */,
				1F39D74D221614D40089F641 /* UserDonationsViewController.swift */,
				1F39D75B221619650089F641 /* UserDonationsDetailViewController.swift */,
				1F39D74F221614EC0089F641 /* UserCausesViewController.swift */,
				1F39D759221619410089F641 /* UserCausesDetailViewController.swift */,
				1FDA8F1F222DC15A009FEF9A /* UserDonatedViewController.swift */,
			);
			path = User;
			sourceTree = "<group>";
		};
		1F39D71F221228110089F641 /* Admin */ = {
			isa = PBXGroup;
			children = (
				1F39D70F221224040089F641 /* AdminLoginViewController.swift */,
				1F39D751221615640089F641 /* AdminActiveCausesViewController.swift */,
				1F39D757221616000089F641 /* AdminActiveCausesDetailViewController.swift */,
				1FDA8F1D222DAE43009FEF9A /* AdminTableViewDetailViewController.swift */,
				1F39D753221615850089F641 /* AdminCreateCauseViewController.swift */,
				1F39D71D221226330089F641 /* AdminMetricsViewController.swift */,
			);
			path = Admin;
			sourceTree = "<group>";
		};
		1FED6101222484FF000492B9 /* Model */ = {
			isa = PBXGroup;
			children = (
				1FED60FF22248337000492B9 /* Create.swift */,
				1FDA8F17222998AF009FEF9A /* UpdateModel.swift */,
				1FDA8F19222D7368009FEF9A /* DonateModel.swift */,
			);
			path = Model;
			sourceTree = "<group>";
		};
		1FED61062224884F000492B9 /* Supporting Files */ = {
			isa = PBXGroup;
			children = (
				1F002964220CD884002BE5A3 /* AppDelegate.swift */,
				1F00296B220CD885002BE5A3 /* Assets.xcassets */,
				1F00296D220CD885002BE5A3 /* LaunchScreen.storyboard */,
			);
			path = "Supporting Files";
			sourceTree = "<group>";
		};
		1FED610B2224909A000492B9 /* File Managers and Date Files */ = {
			isa = PBXGroup;
			children = (
				1FED610222248574000492B9 /* DataPersistenceManager.swift */,
				1FED6104222486EC000492B9 /* DataPersistenceModel.swift */,
				1FED610722248FCF000492B9 /* Date + Extensions.swift */,
				1FED610922248FF7000492B9 /* String + DateExtensions.swift */,
			);
			path = "File Managers and Date Files";
			sourceTree = "<group>";
		};
/* End PBXGroup section */

/* Begin PBXNativeTarget section */
		1F002960220CD884002BE5A3 /* Traccs */ = {
			isa = PBXNativeTarget;
			buildConfigurationList = 1F002973220CD885002BE5A3 /* Build configuration list for PBXNativeTarget "Traccs" */;
			buildPhases = (
				1F00295D220CD884002BE5A3 /* Sources */,
				1F00295E220CD884002BE5A3 /* Frameworks */,
				1F00295F220CD884002BE5A3 /* Resources */,
			);
			buildRules = (
			);
			dependencies = (
			);
			name = Traccs;
			productName = Traccs;
			productReference = 1F002961220CD884002BE5A3 /* Traccs.app */;
			productType = "com.apple.product-type.application";
		};
/* End PBXNativeTarget section */

/* Begin PBXProject section */
		1F002959220CD884002BE5A3 /* Project object */ = {
			isa = PBXProject;
			attributes = {
				LastSwiftUpdateCheck = 1000;
				LastUpgradeCheck = 1000;
				ORGANIZATIONNAME = "Kevin Waring";
				TargetAttributes = {
					1F002960220CD884002BE5A3 = {
						CreatedOnToolsVersion = 10.0;
					};
				};
			};
			buildConfigurationList = 1F00295C220CD884002BE5A3 /* Build configuration list for PBXProject "Traccs" */;
			compatibilityVersion = "Xcode 9.3";
			developmentRegion = en;
			hasScannedForEncodings = 0;
			knownRegions = (
				en,
				Base,
			);
			mainGroup = 1F002958220CD884002BE5A3;
			productRefGroup = 1F002962220CD884002BE5A3 /* Products */;
			projectDirPath = "";
			projectRoot = "";
			targets = (
				1F002960220CD884002BE5A3 /* Traccs */,
			);
		};
/* End PBXProject section */

/* Begin PBXResourcesBuildPhase section */
		1F00295F220CD884002BE5A3 /* Resources */ = {
			isa = PBXResourcesBuildPhase;
			buildActionMask = 2147483647;
			files = (
				1F00296F220CD885002BE5A3 /* LaunchScreen.storyboard in Resources */,
				1F00296C220CD885002BE5A3 /* Assets.xcassets in Resources */,
				1F00296A220CD884002BE5A3 /* Main.storyboard in Resources */,
			);
			runOnlyForDeploymentPostprocessing = 0;
		};
/* End PBXResourcesBuildPhase section */

/* Begin PBXSourcesBuildPhase section */
		1F00295D220CD884002BE5A3 /* Sources */ = {
			isa = PBXSourcesBuildPhase;
			buildActionMask = 2147483647;
			files = (
				1FDA8F1A222D7368009FEF9A /* DonateModel.swift in Sources */,
				1F39D75A221619410089F641 /* UserCausesDetailViewController.swift in Sources */,
				1FED610822248FCF000492B9 /* Date + Extensions.swift in Sources */,
				1F39D71E221226330089F641 /* AdminMetricsViewController.swift in Sources */,
				1FDA8F20222DC15A009FEF9A /* UserDonatedViewController.swift in Sources */,
				1FDA8F1622270690009FEF9A /* UserCausesCollectionViewCell.swift in Sources */,
				1FDA8F1E222DAE43009FEF9A /* AdminTableViewDetailViewController.swift in Sources */,
				1F39D752221615640089F641 /* AdminActiveCausesViewController.swift in Sources */,
				1FED610322248574000492B9 /* DataPersistenceManager.swift in Sources */,
				1F39D750221614EC0089F641 /* UserCausesViewController.swift in Sources */,
				1F39D70E221223D80089F641 /* UserLoginViewController.swift in Sources */,
				1F39D758221616000089F641 /* AdminActiveCausesDetailViewController.swift in Sources */,
				1FED610A22248FF7000492B9 /* String + DateExtensions.swift in Sources */,
				1F39D710221224040089F641 /* AdminLoginViewController.swift in Sources */,
				1F39D74E221614D40089F641 /* UserDonationsViewController.swift in Sources */,
				1F002965220CD884002BE5A3 /* AppDelegate.swift in Sources */,
				1F39D75C221619650089F641 /* UserDonationsDetailViewController.swift in Sources */,
				1F0ACD622225D1EF00282C97 /* AdminActiveCausesCollectionViewCell.swift in Sources */,
				1FED6105222486EC000492B9 /* DataPersistenceModel.swift in Sources */,
				1FDA8F18222998AF009FEF9A /* UpdateModel.swift in Sources */,
				1F39D754221615850089F641 /* AdminCreateCauseViewController.swift in Sources */,
				1FDA8F1C222D74B3009FEF9A /* DonationsCollectionViewCell.swift in Sources */,
				1FED610022248337000492B9 /* Create.swift in Sources */,
			);
			runOnlyForDeploymentPostprocessing = 0;
		};
/* End PBXSourcesBuildPhase section */

/* Begin PBXVariantGroup section */
		1F002968220CD884002BE5A3 /* Main.storyboard */ = {
			isa = PBXVariantGroup;
			children = (
				1F002969220CD884002BE5A3 /* Base */,
			);
			name = Main.storyboard;
			sourceTree = "<group>";
		};
		1F00296D220CD885002BE5A3 /* LaunchScreen.storyboard */ = {
			isa = PBXVariantGroup;
			children = (
				1F00296E220CD885002BE5A3 /* Base */,
			);
			name = LaunchScreen.storyboard;
			sourceTree = "<group>";
		};
/* End PBXVariantGroup section */

/* Begin XCBuildConfiguration section */
		1F002971220CD885002BE5A3 /* Debug */ = {
			isa = XCBuildConfiguration;
			buildSettings = {
				ALWAYS_SEARCH_USER_PATHS = NO;
				CLANG_ANALYZER_NONNULL = YES;
				CLANG_ANALYZER_NUMBER_OBJECT_CONVERSION = YES_AGGRESSIVE;
				CLANG_CXX_LANGUAGE_STANDARD = "gnu++14";
				CLANG_CXX_LIBRARY = "libc++";
				CLANG_ENABLE_MODULES = YES;
				CLANG_ENABLE_OBJC_ARC = YES;
				CLANG_ENABLE_OBJC_WEAK = YES;
				CLANG_WARN_BLOCK_CAPTURE_AUTORELEASING = YES;
				CLANG_WARN_BOOL_CONVERSION = YES;
				CLANG_WARN_COMMA = YES;
				CLANG_WARN_CONSTANT_CONVERSION = YES;
				CLANG_WARN_DEPRECATED_OBJC_IMPLEMENTATIONS = YES;
				CLANG_WARN_DIRECT_OBJC_ISA_USAGE = YES_ERROR;
				CLANG_WARN_DOCUMENTATION_COMMENTS = YES;
				CLANG_WARN_EMPTY_BODY = YES;
				CLANG_WARN_ENUM_CONVERSION = YES;
				CLANG_WARN_INFINITE_RECURSION = YES;
				CLANG_WARN_INT_CONVERSION = YES;
				CLANG_WARN_NON_LITERAL_NULL_CONVERSION = YES;
				CLANG_WARN_OBJC_IMPLICIT_RETAIN_SELF = YES;
				CLANG_WARN_OBJC_LITERAL_CONVERSION = YES;
				CLANG_WARN_OBJC_ROOT_CLASS = YES_ERROR;
				CLANG_WARN_RANGE_LOOP_ANALYSIS = YES;
				CLANG_WARN_STRICT_PROTOTYPES = YES;
				CLANG_WARN_SUSPICIOUS_MOVE = YES;
				CLANG_WARN_UNGUARDED_AVAILABILITY = YES_AGGRESSIVE;
				CLANG_WARN_UNREACHABLE_CODE = YES;
				CLANG_WARN__DUPLICATE_METHOD_MATCH = YES;
				CODE_SIGN_IDENTITY = "iPhone Developer";
				COPY_PHASE_STRIP = NO;
				DEBUG_INFORMATION_FORMAT = dwarf;
				ENABLE_STRICT_OBJC_MSGSEND = YES;
				ENABLE_TESTABILITY = YES;
				GCC_C_LANGUAGE_STANDARD = gnu11;
				GCC_DYNAMIC_NO_PIC = NO;
				GCC_NO_COMMON_BLOCKS = YES;
				GCC_OPTIMIZATION_LEVEL = 0;
				GCC_PREPROCESSOR_DEFINITIONS = (
					"DEBUG=1",
					"$(inherited)",
				);
				GCC_WARN_64_TO_32_BIT_CONVERSION = YES;
				GCC_WARN_ABOUT_RETURN_TYPE = YES_ERROR;
				GCC_WARN_UNDECLARED_SELECTOR = YES;
				GCC_WARN_UNINITIALIZED_AUTOS = YES_AGGRESSIVE;
				GCC_WARN_UNUSED_FUNCTION = YES;
				GCC_WARN_UNUSED_VARIABLE = YES;
				IPHONEOS_DEPLOYMENT_TARGET = 12.0;
				MTL_ENABLE_DEBUG_INFO = INCLUDE_SOURCE;
				MTL_FAST_MATH = YES;
				ONLY_ACTIVE_ARCH = YES;
				SDKROOT = iphoneos;
				SWIFT_ACTIVE_COMPILATION_CONDITIONS = DEBUG;
				SWIFT_OPTIMIZATION_LEVEL = "-Onone";
			};
			name = Debug;
		};
		1F002972220CD885002BE5A3 /* Release */ = {
			isa = XCBuildConfiguration;
			buildSettings = {
				ALWAYS_SEARCH_USER_PATHS = NO;
				CLANG_ANALYZER_NONNULL = YES;
				CLANG_ANALYZER_NUMBER_OBJECT_CONVERSION = YES_AGGRESSIVE;
				CLANG_CXX_LANGUAGE_STANDARD = "gnu++14";
				CLANG_CXX_LIBRARY = "libc++";
				CLANG_ENABLE_MODULES = YES;
				CLANG_ENABLE_OBJC_ARC = YES;
				CLANG_ENABLE_OBJC_WEAK = YES;
				CLANG_WARN_BLOCK_CAPTURE_AUTORELEASING = YES;
				CLANG_WARN_BOOL_CONVERSION = YES;
				CLANG_WARN_COMMA = YES;
				CLANG_WARN_CONSTANT_CONVERSION = YES;
				CLANG_WARN_DEPRECATED_OBJC_IMPLEMENTATIONS = YES;
				CLANG_WARN_DIRECT_OBJC_ISA_USAGE = YES_ERROR;
				CLANG_WARN_DOCUMENTATION_COMMENTS = YES;
				CLANG_WARN_EMPTY_BODY = YES;
				CLANG_WARN_ENUM_CONVERSION = YES;
				CLANG_WARN_INFINITE_RECURSION = YES;
				CLANG_WARN_INT_CONVERSION = YES;
				CLANG_WARN_NON_LITERAL_NULL_CONVERSION = YES;
				CLANG_WARN_OBJC_IMPLICIT_RETAIN_SELF = YES;
				CLANG_WARN_OBJC_LITERAL_CONVERSION = YES;
				CLANG_WARN_OBJC_ROOT_CLASS = YES_ERROR;
				CLANG_WARN_RANGE_LOOP_ANALYSIS = YES;
				CLANG_WARN_STRICT_PROTOTYPES = YES;
				CLANG_WARN_SUSPICIOUS_MOVE = YES;
				CLANG_WARN_UNGUARDED_AVAILABILITY = YES_AGGRESSIVE;
				CLANG_WARN_UNREACHABLE_CODE = YES;
				CLANG_WARN__DUPLICATE_METHOD_MATCH = YES;
				CODE_SIGN_IDENTITY = "iPhone Developer";
				COPY_PHASE_STRIP = NO;
				DEBUG_INFORMATION_FORMAT = "dwarf-with-dsym";
				ENABLE_NS_ASSERTIONS = NO;
				ENABLE_STRICT_OBJC_MSGSEND = YES;
				GCC_C_LANGUAGE_STANDARD = gnu11;
				GCC_NO_COMMON_BLOCKS = YES;
				GCC_WARN_64_TO_32_BIT_CONVERSION = YES;
				GCC_WARN_ABOUT_RETURN_TYPE = YES_ERROR;
				GCC_WARN_UNDECLARED_SELECTOR = YES;
				GCC_WARN_UNINITIALIZED_AUTOS = YES_AGGRESSIVE;
				GCC_WARN_UNUSED_FUNCTION = YES;
				GCC_WARN_UNUSED_VARIABLE = YES;
				IPHONEOS_DEPLOYMENT_TARGET = 12.0;
				MTL_ENABLE_DEBUG_INFO = NO;
				MTL_FAST_MATH = YES;
				SDKROOT = iphoneos;
				SWIFT_COMPILATION_MODE = wholemodule;
				SWIFT_OPTIMIZATION_LEVEL = "-O";
				VALIDATE_PRODUCT = YES;
			};
			name = Release;
		};
		1F002974220CD885002BE5A3 /* Debug */ = {
			isa = XCBuildConfiguration;
			buildSettings = {
				ASSETCATALOG_COMPILER_APPICON_NAME = AppIcon;
				CODE_SIGN_STYLE = Automatic;
				DEVELOPMENT_TEAM = 752A7KA7V2;
				INFOPLIST_FILE = Traccs/Info.plist;
				LD_RUNPATH_SEARCH_PATHS = (
					"$(inherited)",
					"@executable_path/Frameworks",
				);
				PRODUCT_BUNDLE_IDENTIFIER = com.KevinWaring.Traccs;
				PRODUCT_NAME = "$(TARGET_NAME)";
				SWIFT_VERSION = 4.2;
				TARGETED_DEVICE_FAMILY = "1,2";
			};
			name = Debug;
		};
		1F002975220CD885002BE5A3 /* Release */ = {
			isa = XCBuildConfiguration;
			buildSettings = {
				ASSETCATALOG_COMPILER_APPICON_NAME = AppIcon;
				CODE_SIGN_STYLE = Automatic;
				DEVELOPMENT_TEAM = 752A7KA7V2;
				INFOPLIST_FILE = Traccs/Info.plist;
				LD_RUNPATH_SEARCH_PATHS = (
					"$(inherited)",
					"@executable_path/Frameworks",
				);
				PRODUCT_BUNDLE_IDENTIFIER = com.KevinWaring.Traccs;
				PRODUCT_NAME = "$(TARGET_NAME)";
				SWIFT_VERSION = 4.2;
				TARGETED_DEVICE_FAMILY = "1,2";
			};
			name = Release;
		};
/* End XCBuildConfiguration section */

/* Begin XCConfigurationList section */
		1F00295C220CD884002BE5A3 /* Build configuration list for PBXProject "Traccs" */ = {
			isa = XCConfigurationList;
			buildConfigurations = (
				1F002971220CD885002BE5A3 /* Debug */,
				1F002972220CD885002BE5A3 /* Release */,
			);
			defaultConfigurationIsVisible = 0;
			defaultConfigurationName = Release;
		};
		1F002973220CD885002BE5A3 /* Build configuration list for PBXNativeTarget "Traccs" */ = {
			isa = XCConfigurationList;
			buildConfigurations = (
				1F002974220CD885002BE5A3 /* Debug */,
				1F002975220CD885002BE5A3 /* Release */,
			);
			defaultConfigurationIsVisible = 0;
			defaultConfigurationName = Release;
		};
/* End XCConfigurationList section */
	};
	rootObject = 1F002959220CD884002BE5A3 /* Project object */;
}
